
Microsoft Visual Studio Solution File, Format Version 11.00
# Visual Studio 2010
Project("{FAE04EC0-301F-11D3-BF4B-00C04F79EFBC}") = "Assembly-CSharp", "Assembly-CSharp.csproj", "{bcb9a4f7-337e-e3d7-3995-88486ec50deb}"
EndProject
Project("{FAE04EC0-301F-11D3-BF4B-00C04F79EFBC}") = "Assembly-CSharp-Editor", "Assembly-CSharp-Editor.csproj", "{96d74f88-35ab-7400-765a-76b6f6827374}"
EndProject
Global
	GlobalSection(SolutionConfigurationPlatforms) = preSolution
		Debug|Any CPU = Debug|Any CPU
	EndGlobalSection
	GlobalSection(ProjectConfigurationPlatforms) = postSolution
		{bcb9a4f7-337e-e3d7-3995-88486ec50deb}.Debug|Any CPU.ActiveCfg = Debug|Any CPU
		{bcb9a4f7-337e-e3d7-3995-88486ec50deb}.Debug|Any CPU.Build.0 = Debug|Any CPU
		{96d74f88-35ab-7400-765a-76b6f6827374}.Debug|Any CPU.ActiveCfg = Debug|Any CPU
		{96d74f88-35ab-7400-765a-76b6f6827374}.Debug|Any CPU.Build.0 = Debug|Any CPU
	EndGlobalSection
	GlobalSection(SolutionProperties) = preSolution
		HideSolutionNode = FALSE
	EndGlobalSection
EndGlobal
